
Microsoft Visual Studio Solution File, Format Version 12.00
# Visual Studio Version 17
VisualStudioVersion = 17.3.32819.101
MinimumVisualStudioVersion = 10.0.40219.1
Project("{9A19103F-16F7-4668-BE54-9A1E7A4F7556}") = "Actividad1", "Actividad1\Actividad1.csproj", "{EC1BEA0D-DBED-4921-A90F-9699CBE36B1A}"
EndProject
Project("{9A19103F-16F7-4668-BE54-9A1E7A4F7556}") = "Actividad2", "Actividad2\Actividad2.csproj", "{6961EA39-91AB-498A-B3E4-52860D63CF26}"
EndProject
Project("{9A19103F-16F7-4668-BE54-9A1E7A4F7556}") = "Actividad3", "Actividad3\Actividad3.csproj", "{B9ABB97A-7E9E-4478-826F-0B6341AE654E}"
EndProject
Project("{9A19103F-16F7-4668-BE54-9A1E7A4F7556}") = "Actividad4", "Actividad4\Actividad4.csproj", "{1F92B3A5-5298-4CF6-8F2B-41726D646EEA}"
EndProject
Project("{9A19103F-16F7-4668-BE54-9A1E7A4F7556}") = "Actividad5", "Actividad5\Actividad5.csproj", "{DE1BDFB3-2F74-48C8-BC3E-F6FD7027D4D2}"
EndProject
Project("{FAE04EC0-301F-11D3-BF4B-00C04F79EFBC}") = "Actividad6", "Actividad6\Actividad6.csproj", "{3109AC68-8C58-4688-ACF8-79395C1C1DC6}"
EndProject
Global
	GlobalSection(SolutionConfigurationPlatforms) = preSolution
		Debug|Any CPU = Debug|Any CPU
		Release|Any CPU = Release|Any CPU
	EndGlobalSection
	GlobalSection(ProjectConfigurationPlatforms) = postSolution
		{EC1BEA0D-DBED-4921-A90F-9699CBE36B1A}.Debug|Any CPU.ActiveCfg = Debug|Any CPU
		{EC1BEA0D-DBED-4921-A90F-9699CBE36B1A}.Debug|Any CPU.Build.0 = Debug|Any CPU
		{EC1BEA0D-DBED-4921-A90F-9699CBE36B1A}.Release|Any CPU.ActiveCfg = Release|Any CPU
		{EC1BEA0D-DBED-4921-A90F-9699CBE36B1A}.Release|Any CPU.Build.0 = Release|Any CPU
		{6961EA39-91AB-498A-B3E4-52860D63CF26}.Debug|Any CPU.ActiveCfg = Debug|Any CPU
		{6961EA39-91AB-498A-B3E4-52860D63CF26}.Debug|Any CPU.Build.0 = Debug|Any CPU
		{6961EA39-91AB-498A-B3E4-52860D63CF26}.Release|Any CPU.ActiveCfg = Release|Any CPU
		{6961EA39-91AB-498A-B3E4-52860D63CF26}.Release|Any CPU.Build.0 = Release|Any CPU
		{B9ABB97A-7E9E-4478-826F-0B6341AE654E}.Debug|Any CPU.ActiveCfg = Debug|Any CPU
		{B9ABB97A-7E9E-4478-826F-0B6341AE654E}.Debug|Any CPU.Build.0 = Debug|Any CPU
		{B9ABB97A-7E9E-4478-826F-0B6341AE654E}.Release|Any CPU.ActiveCfg = Release|Any CPU
		{B9ABB97A-7E9E-4478-826F-0B6341AE654E}.Release|Any CPU.Build.0 = Release|Any CPU
		{1F92B3A5-5298-4CF6-8F2B-41726D646EEA}.Debug|Any CPU.ActiveCfg = Debug|Any CPU
		{1F92B3A5-5298-4CF6-8F2B-41726D646EEA}.Debug|Any CPU.Build.0 = Debug|Any CPU
		{1F92B3A5-5298-4CF6-8F2B-41726D646EEA}.Release|Any CPU.ActiveCfg = Release|Any CPU
		{1F92B3A5-5298-4CF6-8F2B-41726D646EEA}.Release|Any CPU.Build.0 = Release|Any CPU
		{DE1BDFB3-2F74-48C8-BC3E-F6FD7027D4D2}.Debug|Any CPU.ActiveCfg = Debug|Any CPU
		{DE1BDFB3-2F74-48C8-BC3E-F6FD7027D4D2}.Debug|Any CPU.Build.0 = Debug|Any CPU
		{DE1BDFB3-2F74-48C8-BC3E-F6FD7027D4D2}.Release|Any CPU.ActiveCfg = Release|Any CPU
		{DE1BDFB3-2F74-48C8-BC3E-F6FD7027D4D2}.Release|Any CPU.Build.0 = Release|Any CPU
		{3109AC68-8C58-4688-ACF8-79395C1C1DC6}.Debug|Any CPU.ActiveCfg = Debug|Any CPU
		{3109AC68-8C58-4688-ACF8-79395C1C1DC6}.Debug|Any CPU.Build.0 = Debug|Any CPU
		{3109AC68-8C58-4688-ACF8-79395C1C1DC6}.Release|Any CPU.ActiveCfg = Release|Any CPU
		{3109AC68-8C58-4688-ACF8-79395C1C1DC6}.Release|Any CPU.Build.0 = Release|Any CPU
	EndGlobalSection
	GlobalSection(SolutionProperties) = preSolution
		HideSolutionNode = FALSE
	EndGlobalSection
	GlobalSection(ExtensibilityGlobals) = postSolution
		SolutionGuid = {D5882530-266F-4160-B3E9-BE9EBABF0863}
	EndGlobalSection
EndGlobal
